
Microsoft Visual Studio Solution File, Format Version 12.00
# Visual Studio Version 17
VisualStudioVersion = 17.0.31903.59
MinimumVisualStudioVersion = 10.0.40219.1
Project("{FAE04EC0-301F-11D3-BF4B-00C04F79EFBC}") = "DEX.API", "DEX.API\DEX.API.csproj", "{AF8B7279-8E81-45AA-BA9D-187502247CA0}"
EndProject
Project("{FAE04EC0-301F-11D3-BF4B-00C04F79EFBC}") = "DEX.UI", "DEX.UI\DEX.UI.csproj", "{1DD70466-03CB-4791-944C-074BE7DF43C5}"
EndProject
Global
	GlobalSection(SolutionConfigurationPlatforms) = preSolution
		Debug|Any CPU = Debug|Any CPU
		Release|Any CPU = Release|Any CPU
	EndGlobalSection
	GlobalSection(ProjectConfigurationPlatforms) = postSolution
		{AF8B7279-8E81-45AA-BA9D-187502247CA0}.Debug|Any CPU.ActiveCfg = Debug|Any CPU
		{AF8B7279-8E81-45AA-BA9D-187502247CA0}.Debug|Any CPU.Build.0 = Debug|Any CPU
		{AF8B7279-8E81-45AA-BA9D-187502247CA0}.Release|Any CPU.ActiveCfg = Release|Any CPU
		{AF8B7279-8E81-45AA-BA9D-187502247CA0}.Release|Any CPU.Build.0 = Release|Any CPU
		{1DD70466-03CB-4791-944C-074BE7DF43C5}.Debug|Any CPU.ActiveCfg = Debug|Any CPU
		{1DD70466-03CB-4791-944C-074BE7DF43C5}.Debug|Any CPU.Build.0 = Debug|Any CPU
		{1DD70466-03CB-4791-944C-074BE7DF43C5}.Release|Any CPU.ActiveCfg = Release|Any CPU
		{1DD70466-03CB-4791-944C-074BE7DF43C5}.Release|Any CPU.Build.0 = Release|Any CPU
	EndGlobalSection
	GlobalSection(SolutionProperties) = preSolution
		HideSolutionNode = FALSE
	EndGlobalSection
	GlobalSection(ExtensibilityGlobals) = postSolution
		SolutionGuid = {74C45102-5E68-4BFC-A358-67E2CBDF8F1D}
	EndGlobalSection
EndGlobal
