
Microsoft Visual Studio Solution File, Format Version 12.00
# Visual Studio Version 17
VisualStudioVersion = 17.0.31903.59
MinimumVisualStudioVersion = 10.0.40219.1
Project("{FAE04EC0-301F-11D3-BF4B-00C04F79EFBC}") = "DEX.API", "DEX.API\DEX.API.csproj", "{C624F6A6-9ED0-DA86-6FD5-914C3E9AA3D0}"
EndProject
Project("{FAE04EC0-301F-11D3-BF4B-00C04F79EFBC}") = "DEX.UI", "DEX.UI\DEX.UI.csproj", "{C9D8555D-534D-8802-8964-D38AB2EACB8F}"
EndProject
Global
	GlobalSection(SolutionConfigurationPlatforms) = preSolution
		Debug|Any CPU = Debug|Any CPU
		Release|Any CPU = Release|Any CPU
	EndGlobalSection
	GlobalSection(ProjectConfigurationPlatforms) = postSolution
		{C624F6A6-9ED0-DA86-6FD5-914C3E9AA3D0}.Debug|Any CPU.ActiveCfg = Debug|Any CPU
		{C624F6A6-9ED0-DA86-6FD5-914C3E9AA3D0}.Debug|Any CPU.Build.0 = Debug|Any CPU
		{C624F6A6-9ED0-DA86-6FD5-914C3E9AA3D0}.Release|Any CPU.ActiveCfg = Release|Any CPU
		{C624F6A6-9ED0-DA86-6FD5-914C3E9AA3D0}.Release|Any CPU.Build.0 = Release|Any CPU
		{C9D8555D-534D-8802-8964-D38AB2EACB8F}.Debug|Any CPU.ActiveCfg = Debug|Any CPU
		{C9D8555D-534D-8802-8964-D38AB2EACB8F}.Debug|Any CPU.Build.0 = Debug|Any CPU
		{C9D8555D-534D-8802-8964-D38AB2EACB8F}.Release|Any CPU.ActiveCfg = Release|Any CPU
		{C9D8555D-534D-8802-8964-D38AB2EACB8F}.Release|Any CPU.Build.0 = Release|Any CPU
	EndGlobalSection
	GlobalSection(SolutionProperties) = preSolution
		HideSolutionNode = FALSE
	EndGlobalSection
EndGlobal
